
Microsoft Visual Studio Solution File, Format Version 12.00
# Visual Studio Version 16
VisualStudioVersion = 16.0.30114.105
MinimumVisualStudioVersion = 10.0.40219.1
Project("{FAE04EC0-301F-11D3-BF4B-00C04F79EFBC}") = "articleAPI", "articleAPI\articleAPI.csproj", "{400D60CF-B3FF-44EB-B25C-E2C483C3E13A}"
EndProject
Global
	GlobalSection(SolutionConfigurationPlatforms) = preSolution
		Debug|Any CPU = Debug|Any CPU
		Release|Any CPU = Release|Any CPU
	EndGlobalSection
	GlobalSection(ProjectConfigurationPlatforms) = postSolution
		{400D60CF-B3FF-44EB-B25C-E2C483C3E13A}.Debug|Any CPU.ActiveCfg = Debug|Any CPU
		{400D60CF-B3FF-44EB-B25C-E2C483C3E13A}.Debug|Any CPU.Build.0 = Debug|Any CPU
		{400D60CF-B3FF-44EB-B25C-E2C483C3E13A}.Release|Any CPU.ActiveCfg = Release|Any CPU
		{400D60CF-B3FF-44EB-B25C-E2C483C3E13A}.Release|Any CPU.Build.0 = Release|Any CPU
	EndGlobalSection
	GlobalSection(SolutionProperties) = preSolution
		HideSolutionNode = FALSE
	EndGlobalSection
	GlobalSection(ExtensibilityGlobals) = postSolution
		SolutionGuid = {920DE4E6-C2BA-4FF5-885A-921DA9F5186F}
	EndGlobalSection
EndGlobal
